
Microsoft Visual Studio Solution File, Format Version 12.00
# Visual Studio Version 16
VisualStudioVersion = 16.0.31624.102
MinimumVisualStudioVersion = 10.0.40219.1
Project("{9A19103F-16F7-4668-BE54-9A1E7A4F7556}") = "BackTest2", "BackTest2.csproj", "{7ECE3CEC-A4DB-4FB3-8B67-86C6D8B243C4}"
EndProject
Project("{FAE04EC0-301F-11D3-BF4B-00C04F79EFBC}") = "BackTest2Testing", "BackTest2Testing\BackTest2Testing.csproj", "{173A063D-9000-4B64-8F02-FCF2DE62256A}"
EndProject
Global
	GlobalSection(SolutionConfigurationPlatforms) = preSolution
		Debug|Any CPU = Debug|Any CPU
		Release|Any CPU = Release|Any CPU
	EndGlobalSection
	GlobalSection(ProjectConfigurationPlatforms) = postSolution
		{7ECE3CEC-A4DB-4FB3-8B67-86C6D8B243C4}.Debug|Any CPU.ActiveCfg = Debug|Any CPU
		{7ECE3CEC-A4DB-4FB3-8B67-86C6D8B243C4}.Debug|Any CPU.Build.0 = Debug|Any CPU
		{7ECE3CEC-A4DB-4FB3-8B67-86C6D8B243C4}.Release|Any CPU.ActiveCfg = Release|Any CPU
		{7ECE3CEC-A4DB-4FB3-8B67-86C6D8B243C4}.Release|Any CPU.Build.0 = Release|Any CPU
		{173A063D-9000-4B64-8F02-FCF2DE62256A}.Debug|Any CPU.ActiveCfg = Debug|Any CPU
		{173A063D-9000-4B64-8F02-FCF2DE62256A}.Debug|Any CPU.Build.0 = Debug|Any CPU
		{173A063D-9000-4B64-8F02-FCF2DE62256A}.Release|Any CPU.ActiveCfg = Release|Any CPU
		{173A063D-9000-4B64-8F02-FCF2DE62256A}.Release|Any CPU.Build.0 = Release|Any CPU
	EndGlobalSection
	GlobalSection(SolutionProperties) = preSolution
		HideSolutionNode = FALSE
	EndGlobalSection
	GlobalSection(ExtensibilityGlobals) = postSolution
		SolutionGuid = {E7D59069-E9B1-4FCA-B28D-F933BB64941D}
	EndGlobalSection
EndGlobal
